
Microsoft Visual Studio Solution File, Format Version 12.00
# Visual Studio Version 16
VisualStudioVersion = 16.0.32228.343
MinimumVisualStudioVersion = 10.0.40219.1
Project("{FAE04EC0-301F-11D3-BF4B-00C04F79EFBC}") = "My_Server", "My_Server.csproj", "{9C057546-FB76-4441-A71B-ACDB948E7CB8}"
EndProject
Global
	GlobalSection(SolutionConfigurationPlatforms) = preSolution
		Debug|Any CPU = Debug|Any CPU
		Release|Any CPU = Release|Any CPU
	EndGlobalSection
	GlobalSection(ProjectConfigurationPlatforms) = postSolution
		{9C057546-FB76-4441-A71B-ACDB948E7CB8}.Debug|Any CPU.ActiveCfg = Debug|Any CPU
		{9C057546-FB76-4441-A71B-ACDB948E7CB8}.Debug|Any CPU.Build.0 = Debug|Any CPU
		{9C057546-FB76-4441-A71B-ACDB948E7CB8}.Release|Any CPU.ActiveCfg = Release|Any CPU
		{9C057546-FB76-4441-A71B-ACDB948E7CB8}.Release|Any CPU.Build.0 = Release|Any CPU
	EndGlobalSection
	GlobalSection(SolutionProperties) = preSolution
		HideSolutionNode = FALSE
	EndGlobalSection
	GlobalSection(ExtensibilityGlobals) = postSolution
		SolutionGuid = {960EA5A4-A445-4194-AF51-5DAA6242714E}
	EndGlobalSection
EndGlobal
